PODS:
  - Alamofire (3.1.4)
  - AlamofireImage (2.2.0):
    - Alamofire (~> 3.1)
  - AlamofireObjectMapper (2.1.0):
    - Alamofire (~> 3.1.0)
    - ObjectMapper (~> 1.0)
  - AsyncDisplayKit (1.9.4):
    - AsyncDisplayKit/ASDealloc2MainObject (= 1.9.4)
  - AsyncDisplayKit/ASDealloc2MainObject (1.9.4)
  - couchbase-lite-ios (1.1.1):
    - couchbase-lite-ios/Core (= 1.1.1)
  - couchbase-lite-ios/Core (1.1.1)
  - ObjectMapper (1.1.1)

DEPENDENCIES:
  - Alamofire
  - AlamofireImage
  - AlamofireObjectMapper
  - AsyncDisplayKit
  - couchbase-lite-ios

SPEC CHECKSUMS:
  Alamofire: fbc829692f351fa1d8a31dd75fd7f7f56fea31fb
  AlamofireImage: bedb8a4bdfb98eda81ba12952fba6e9e90420922
  AlamofireObjectMapper: 24097576202064f8b0a583452dd934064f78dc0e
  AsyncDisplayKit: 0932ff6f78364130a195039ab9a1c2ff63adc665
  couchbase-lite-ios: 4ada0c645e1c72ded94296f732e6cdf58e8a7811
  ObjectMapper: 4143abed1dbd49b73d75092fe8fa1c88ed6434b7

COCOAPODS: 0.39.0
