<?xml version="1.0" encoding="UTF-8"?>
<!DOCTYPE plist PUBLIC "-//Apple//DTD PLIST 1.0//EN" "http://www.apple.com/DTDs/PropertyList-1.0.dtd">
<plist version="1.0">
<dict>
	<key>archiveVersion</key>
	<string>1</string>
	<key>classes</key>
	<dict/>
	<key>objectVersion</key>
	<string>46</string>
	<key>objects</key>
	<dict>
		<key>11A55BBD2073ABC28B0AB20A</key>
		<dict>
			<key>includeInIndex</key>
			<string>1</string>
			<key>isa</key>
			<string>PBXFileReference</string>
			<key>lastKnownFileType</key>
			<string>text.xcconfig</string>
			<key>name</key>
			<string>Pods.debug.xcconfig</string>
			<key>path</key>
			<string>Pods/Target Support Files/Pods/Pods.debug.xcconfig</string>
			<key>sourceTree</key>
			<string>&lt;group&gt;</string>
		</dict>
		<key>3ADB21E47D9F3BB2812DF648</key>
		<dict>
			<key>fileRef</key>
			<string>BEF6EF48286195A3F823879B</string>
			<key>isa</key>
			<string>PBXBuildFile</string>
		</dict>
		<key>3CC8238ADA0E791A16764396</key>
		<dict>
			<key>includeInIndex</key>
			<string>1</string>
			<key>isa</key>
			<string>PBXFileReference</string>
			<key>lastKnownFileType</key>
			<string>text.xcconfig</string>
			<key>name</key>
			<string>Pods-SHJOSESecurity.debug.xcconfig</string>
			<key>path</key>
			<string>Pods/Target Support Files/Pods-SHJOSESecurity/Pods-SHJOSESecurity.debug.xcconfig</string>
			<key>sourceTree</key>
			<string>&lt;group&gt;</string>
		</dict>
		<key>4D1F52ED2BB5046353C8EA06</key>
		<dict>
			<key>children</key>
			<array>
				<string>3CC8238ADA0E791A16764396</string>
				<string>DD6BF88D2FF90F17239360BE</string>
				<string>11A55BBD2073ABC28B0AB20A</string>
				<string>C21B7FE4DD362D55EC34BDDD</string>
			</array>
			<key>isa</key>
			<string>PBXGroup</string>
			<key>name</key>
			<string>Pods</string>
			<key>sourceTree</key>
			<string>&lt;group&gt;</string>
		</dict>
		<key>904AF02807D095741437465D</key>
		<dict>
			<key>buildActionMask</key>
			<string>2147483647</string>
			<key>files</key>
			<array/>
			<key>inputPaths</key>
			<array/>
			<key>isa</key>
			<string>PBXShellScriptBuildPhase</string>
			<key>name</key>
			<string>Check Pods Manifest.lock</string>
			<key>outputPaths</key>
			<array/>
			<key>runOnlyForDeploymentPostprocessing</key>
			<string>0</string>
			<key>shellPath</key>
			<string>/bin/sh</string>
			<key>shellScript</key>
			<string>diff "${PODS_ROOT}/../Podfile.lock" "${PODS_ROOT}/Manifest.lock" &gt; /dev/null
if [[ $? != 0 ]] ; then
    cat &lt;&lt; EOM
error: The sandbox is not in sync with the Podfile.lock. Run 'pod install' or update your CocoaPods installation.
EOM
    exit 1
fi
</string>
			<key>showEnvVarsInLog</key>
			<string>0</string>
		</dict>
		<key>912C78312E54A7995A40CD27</key>
		<dict>
			<key>buildActionMask</key>
			<string>2147483647</string>
			<key>files</key>
			<array/>
			<key>inputPaths</key>
			<array/>
			<key>isa</key>
			<string>PBXShellScriptBuildPhase</string>
			<key>name</key>
			<string>Copy Pods Resources</string>
			<key>outputPaths</key>
			<array/>
			<key>runOnlyForDeploymentPostprocessing</key>
			<string>0</string>
			<key>shellPath</key>
			<string>/bin/sh</string>
			<key>shellScript</key>
			<string>"${SRCROOT}/Pods/Target Support Files/Pods/Pods-resources.sh"
</string>
			<key>showEnvVarsInLog</key>
			<string>0</string>
		</dict>
		<key>970190421C7B49860016819B</key>
		<dict>
			<key>fileEncoding</key>
			<string>4</string>
			<key>isa</key>
			<string>PBXFileReference</string>
			<key>lastKnownFileType</key>
			<string>net.daringfireball.markdown</string>
			<key>path</key>
			<string>ReadMe-DeviceCarrierInfo.md</string>
			<key>sourceTree</key>
			<string>&lt;group&gt;</string>
		</dict>
		<key>9701909A1C7C27940016819B</key>
		<dict>
			<key>buildActionMask</key>
			<string>2147483647</string>
			<key>files</key>
			<array/>
			<key>inputPaths</key>
			<array/>
			<key>isa</key>
			<string>PBXShellScriptBuildPhase</string>
			<key>outputPaths</key>
			<array/>
			<key>runOnlyForDeploymentPostprocessing</key>
			<string>0</string>
			<key>shellPath</key>
			<string>/bin/sh</string>
			<key>shellScript</key>
			<string>if which swiftlint &gt;/dev/null; then
 swiftlint :disable trailing_whitespace
else
 echo "SwiftLint not installed"
fi</string>
		</dict>
		<key>970190B61C7C721A0016819B</key>
		<dict>
			<key>fileEncoding</key>
			<string>4</string>
			<key>isa</key>
			<string>PBXFileReference</string>
			<key>lastKnownFileType</key>
			<string>sourcecode.swift</string>
			<key>path</key>
			<string>SHWifiScanner.swift</string>
			<key>sourceTree</key>
			<string>&lt;group&gt;</string>
		</dict>
		<key>970190B71C7C721A0016819B</key>
		<dict>
			<key>fileRef</key>
			<string>970190B61C7C721A0016819B</string>
			<key>isa</key>
			<string>PBXBuildFile</string>
		</dict>
		<key>9723A94A1C79FA370004F135</key>
		<dict>
			<key>fileEncoding</key>
			<string>4</string>
			<key>isa</key>
			<string>PBXFileReference</string>
			<key>lastKnownFileType</key>
			<string>sourcecode.swift</string>
			<key>path</key>
			<string>SHDeviceInfo.swift</string>
			<key>sourceTree</key>
			<string>&lt;group&gt;</string>
		</dict>
		<key>9723A94B1C79FA370004F135</key>
		<dict>
			<key>fileRef</key>
			<string>9723A94A1C79FA370004F135</string>
			<key>isa</key>
			<string>PBXBuildFile</string>
		</dict>
		<key>9723A94C1C79FA3E0004F135</key>
		<dict>
			<key>children</key>
			<array>
				<string>970190421C7B49860016819B</string>
				<string>9723A96D1C7ACE580004F135</string>
				<string>9723A96F1C7AD0AE0004F135</string>
				<string>9723A94A1C79FA370004F135</string>
			</array>
			<key>isa</key>
			<string>PBXGroup</string>
			<key>path</key>
			<string>DeviceUtils</string>
			<key>sourceTree</key>
			<string>&lt;group&gt;</string>
		</dict>
		<key>9723A96D1C7ACE580004F135</key>
		<dict>
			<key>fileEncoding</key>
			<string>4</string>
			<key>isa</key>
			<string>PBXFileReference</string>
			<key>lastKnownFileType</key>
			<string>net.daringfireball.markdown</string>
			<key>path</key>
			<string>ReadMe-SHDeviceInfo.md</string>
			<key>sourceTree</key>
			<string>&lt;group&gt;</string>
		</dict>
		<key>9723A96F1C7AD0AE0004F135</key>
		<dict>
			<key>fileEncoding</key>
			<string>4</string>
			<key>isa</key>
			<string>PBXFileReference</string>
			<key>lastKnownFileType</key>
			<string>sourcecode.swift</string>
			<key>path</key>
			<string>SHDeviceCarrierInfo.swift</string>
			<key>sourceTree</key>
			<string>&lt;group&gt;</string>
		</dict>
		<key>9723A9701C7AD0AE0004F135</key>
		<dict>
			<key>fileRef</key>
			<string>9723A96F1C7AD0AE0004F135</string>
			<key>isa</key>
			<string>PBXBuildFile</string>
		</dict>
		<key>975FB0F81C8BF10800BB62CE</key>
		<dict>
			<key>fileEncoding</key>
			<string>4</string>
			<key>isa</key>
			<string>PBXFileReference</string>
			<key>lastKnownFileType</key>
			<string>sourcecode.swift</string>
			<key>path</key>
			<string>SHFileManager.swift</string>
			<key>sourceTree</key>
			<string>&lt;group&gt;</string>
		</dict>
		<key>975FB0F91C8BF10800BB62CE</key>
		<dict>
			<key>fileRef</key>
			<string>975FB0F81C8BF10800BB62CE</string>
			<key>isa</key>
			<string>PBXBuildFile</string>
		</dict>
		<key>975FB0FA1C8BF22900BB62CE</key>
		<dict>
			<key>fileEncoding</key>
			<string>4</string>
			<key>isa</key>
			<string>PBXFileReference</string>
			<key>lastKnownFileType</key>
			<string>sourcecode.swift</string>
			<key>path</key>
			<string>SHFile.swift</string>
			<key>sourceTree</key>
			<string>&lt;group&gt;</string>
		</dict>
		<key>975FB0FB1C8BF22900BB62CE</key>
		<dict>
			<key>fileRef</key>
			<string>975FB0FA1C8BF22900BB62CE</string>
			<key>isa</key>
			<string>PBXBuildFile</string>
		</dict>
		<key>975FB0FC1C8BF49400BB62CE</key>
		<dict>
			<key>fileEncoding</key>
			<string>4</string>
			<key>isa</key>
			<string>PBXFileReference</string>
			<key>lastKnownFileType</key>
			<string>sourcecode.swift</string>
			<key>path</key>
			<string>ErrorDomains.swift</string>
			<key>sourceTree</key>
			<string>&lt;group&gt;</string>
		</dict>
		<key>975FB0FD1C8BF49400BB62CE</key>
		<dict>
			<key>fileRef</key>
			<string>975FB0FC1C8BF49400BB62CE</string>
			<key>isa</key>
			<string>PBXBuildFile</string>
		</dict>
		<key>97C3164A1C9721B100F093E7</key>
		<dict>
			<key>isa</key>
			<string>PBXFileReference</string>
			<key>lastKnownFileType</key>
			<string>wrapper.framework</string>
			<key>name</key>
			<string>Security.framework</string>
			<key>path</key>
			<string>System/Library/Frameworks/Security.framework</string>
			<key>sourceTree</key>
			<string>SDKROOT</string>
		</dict>
		<key>A21317381C5F8D1F006A38D0</key>
		<dict>
			<key>fileEncoding</key>
			<string>4</string>
			<key>isa</key>
			<string>PBXFileReference</string>
			<key>lastKnownFileType</key>
			<string>net.daringfireball.markdown</string>
			<key>path</key>
			<string>README.md</string>
			<key>sourceTree</key>
			<string>&lt;group&gt;</string>
		</dict>
		<key>A213173F1C60A076006A38D0</key>
		<dict>
			<key>fileEncoding</key>
			<string>4</string>
			<key>isa</key>
			<string>PBXFileReference</string>
			<key>lastKnownFileType</key>
			<string>sourcecode.swift</string>
			<key>path</key>
			<string>SHNetworkManager.swift</string>
			<key>sourceTree</key>
			<string>&lt;group&gt;</string>
		</dict>
		<key>A21317401C60A076006A38D0</key>
		<dict>
			<key>fileRef</key>
			<string>A213173F1C60A076006A38D0</string>
			<key>isa</key>
			<string>PBXBuildFile</string>
		</dict>
		<key>A21317421C60A15C006A38D0</key>
		<dict>
			<key>fileEncoding</key>
			<string>4</string>
			<key>isa</key>
			<string>PBXFileReference</string>
			<key>lastKnownFileType</key>
			<string>sourcecode.swift</string>
			<key>path</key>
			<string>SHAsyncManager.swift</string>
			<key>sourceTree</key>
			<string>&lt;group&gt;</string>
		</dict>
		<key>A21317431C60A15C006A38D0</key>
		<dict>
			<key>fileRef</key>
			<string>A21317421C60A15C006A38D0</string>
			<key>isa</key>
			<string>PBXBuildFile</string>
		</dict>
		<key>A24A50701C68C0DC00F9D8C2</key>
		<dict>
			<key>fileEncoding</key>
			<string>4</string>
			<key>isa</key>
			<string>PBXFileReference</string>
			<key>lastKnownFileType</key>
			<string>sourcecode.swift</string>
			<key>path</key>
			<string>ImageHelper.swift</string>
			<key>sourceTree</key>
			<string>&lt;group&gt;</string>
		</dict>
		<key>A24A50711C68C0DC00F9D8C2</key>
		<dict>
			<key>fileRef</key>
			<string>A24A50701C68C0DC00F9D8C2</string>
			<key>isa</key>
			<string>PBXBuildFile</string>
		</dict>
		<key>A24A507B1C69F07F00F9D8C2</key>
		<dict>
			<key>fileEncoding</key>
			<string>4</string>
			<key>isa</key>
			<string>PBXFileReference</string>
			<key>lastKnownFileType</key>
			<string>sourcecode.swift</string>
			<key>path</key>
			<string>ColorHelper.swift</string>
			<key>sourceTree</key>
			<string>&lt;group&gt;</string>
		</dict>
		<key>A24A507C1C69F07F00F9D8C2</key>
		<dict>
			<key>fileRef</key>
			<string>A24A507B1C69F07F00F9D8C2</string>
			<key>isa</key>
			<string>PBXBuildFile</string>
		</dict>
		<key>A24A50811C69FF6100F9D8C2</key>
		<dict>
			<key>isa</key>
			<string>PBXFileReference</string>
			<key>lastKnownFileType</key>
			<string>net.daringfireball.markdown</string>
			<key>path</key>
			<string>ColorHelper.md</string>
			<key>sourceTree</key>
			<string>&lt;group&gt;</string>
		</dict>
		<key>A24A50821C69FF6100F9D8C2</key>
		<dict>
			<key>isa</key>
			<string>PBXFileReference</string>
			<key>lastKnownFileType</key>
			<string>net.daringfireball.markdown</string>
			<key>path</key>
			<string>ImageHelper.md</string>
			<key>sourceTree</key>
			<string>&lt;group&gt;</string>
		</dict>
		<key>BEF6EF48286195A3F823879B</key>
		<dict>
			<key>explicitFileType</key>
			<string>wrapper.framework</string>
			<key>includeInIndex</key>
			<string>0</string>
			<key>isa</key>
			<string>PBXFileReference</string>
			<key>path</key>
			<string>Pods.framework</string>
			<key>sourceTree</key>
			<string>BUILT_PRODUCTS_DIR</string>
		</dict>
		<key>C045C891C2EB7D51FD67CA2C</key>
		<dict>
			<key>explicitFileType</key>
			<string>wrapper.framework</string>
			<key>includeInIndex</key>
			<string>0</string>
			<key>isa</key>
			<string>PBXFileReference</string>
			<key>path</key>
			<string>Pods_SHJOSESecurity.framework</string>
			<key>sourceTree</key>
			<string>BUILT_PRODUCTS_DIR</string>
		</dict>
		<key>C21B7FE4DD362D55EC34BDDD</key>
		<dict>
			<key>includeInIndex</key>
			<string>1</string>
			<key>isa</key>
			<string>PBXFileReference</string>
			<key>lastKnownFileType</key>
			<string>text.xcconfig</string>
			<key>name</key>
			<string>Pods.release.xcconfig</string>
			<key>path</key>
			<string>Pods/Target Support Files/Pods/Pods.release.xcconfig</string>
			<key>sourceTree</key>
			<string>&lt;group&gt;</string>
		</dict>
		<key>CFD9DCC08A4286C652403320</key>
		<dict>
			<key>children</key>
			<array>
				<string>C045C891C2EB7D51FD67CA2C</string>
				<string>BEF6EF48286195A3F823879B</string>
			</array>
			<key>isa</key>
			<string>PBXGroup</string>
			<key>name</key>
			<string>Frameworks</string>
			<key>sourceTree</key>
			<string>&lt;group&gt;</string>
		</dict>
		<key>D500FD111C3AABED00782D78</key>
		<dict>
			<key>isa</key>
			<string>PBXFileReference</string>
			<key>lastKnownFileType</key>
			<string>file.playground</string>
			<key>path</key>
			<string>Playground-iOS.playground</string>
			<key>sourceTree</key>
			<string>&lt;group&gt;</string>
		</dict>
		<key>D500FD121C3AAC8E00782D78</key>
		<dict>
			<key>isa</key>
			<string>PBXFileReference</string>
			<key>lastKnownFileType</key>
			<string>file.playground</string>
			<key>path</key>
			<string>Playground-Mac.playground</string>
			<key>sourceTree</key>
			<string>&lt;group&gt;</string>
		</dict>
		<key>D5B2E8951C3A780C00C0327D</key>
		<dict>
			<key>children</key>
			<array>
				<string>97C3164A1C9721B100F093E7</string>
				<string>D5B2E8A01C3A780C00C0327D</string>
				<string>D5C6295C1C3A800E007F7B7C</string>
				<string>D5C6298F1C3A8BDA007F7B7C</string>
				<string>D5C629691C3A809D007F7B7C</string>
				<string>A24A50811C69FF6100F9D8C2</string>
				<string>A24A50821C69FF6100F9D8C2</string>
				<string>D5C6297A1C3A879F007F7B7C</string>
				<string>D5C629761C3A878E007F7B7C</string>
				<string>D500FD121C3AAC8E00782D78</string>
				<string>D500FD111C3AABED00782D78</string>
				<string>D5C629751C3A878E007F7B7C</string>
				<string>D5C629791C3A879F007F7B7C</string>
				<string>A21317381C5F8D1F006A38D0</string>
				<string>4D1F52ED2BB5046353C8EA06</string>
				<string>CFD9DCC08A4286C652403320</string>
			</array>
			<key>isa</key>
			<string>PBXGroup</string>
			<key>sourceTree</key>
			<string>&lt;group&gt;</string>
		</dict>
		<key>D5B2E8961C3A780C00C0327D</key>
		<dict>
			<key>attributes</key>
			<dict>
				<key>LastSwiftUpdateCheck</key>
				<string>0720</string>
				<key>LastUpgradeCheck</key>
				<string>0800</string>
				<key>ORGANIZATIONNAME</key>
				<string>Hyper Interaktiv AS</string>
				<key>TargetAttributes</key>
				<dict>
					<key>D5B2E89E1C3A780C00C0327D</key>
					<dict>
						<key>CreatedOnToolsVersion</key>
						<string>7.2</string>
					</dict>
					<key>D5B2E8A81C3A780C00C0327D</key>
					<dict>
						<key>CreatedOnToolsVersion</key>
						<string>7.2</string>
					</dict>
					<key>D5C6293F1C3A7FAA007F7B7C</key>
					<dict>
						<key>CreatedOnToolsVersion</key>
						<string>7.2</string>
					</dict>
					<key>D5C629481C3A7FAA007F7B7C</key>
					<dict>
						<key>CreatedOnToolsVersion</key>
						<string>7.2</string>
					</dict>
				</dict>
			</dict>
			<key>buildConfigurationList</key>
			<string>D5B2E8991C3A780C00C0327D</string>
			<key>compatibilityVersion</key>
			<string>Xcode 3.2</string>
			<key>developmentRegion</key>
			<string>English</string>
			<key>hasScannedForEncodings</key>
			<string>0</string>
			<key>isa</key>
			<string>PBXProject</string>
			<key>knownRegions</key>
			<array>
				<string>en</string>
			</array>
			<key>mainGroup</key>
			<string>D5B2E8951C3A780C00C0327D</string>
			<key>productRefGroup</key>
			<string>D5B2E8A01C3A780C00C0327D</string>
			<key>projectDirPath</key>
			<string></string>
			<key>projectReferences</key>
			<array/>
			<key>projectRoot</key>
			<string></string>
			<key>targets</key>
			<array>
				<string>D5B2E89E1C3A780C00C0327D</string>
				<string>D5C6293F1C3A7FAA007F7B7C</string>
				<string>D5B2E8A81C3A780C00C0327D</string>
				<string>D5C629481C3A7FAA007F7B7C</string>
			</array>
		</dict>
		<key>D5B2E8991C3A780C00C0327D</key>
		<dict>
			<key>buildConfigurations</key>
			<array>
				<string>D5B2E8B11C3A780C00C0327D</string>
				<string>D5B2E8B21C3A780C00C0327D</string>
			</array>
			<key>defaultConfigurationIsVisible</key>
			<string>0</string>
			<key>defaultConfigurationName</key>
			<string>Release</string>
			<key>isa</key>
			<string>XCConfigurationList</string>
		</dict>
		<key>D5B2E89A1C3A780C00C0327D</key>
		<dict>
			<key>buildActionMask</key>
			<string>2147483647</string>
			<key>files</key>
			<array>
				<string>A21317401C60A076006A38D0</string>
				<string>9723A94B1C79FA370004F135</string>
				<string>A21317431C60A15C006A38D0</string>
				<string>9723A9701C7AD0AE0004F135</string>
				<string>975FB0F91C8BF10800BB62CE</string>
				<string>975FB0FB1C8BF22900BB62CE</string>
				<string>D5C629831C3A892A007F7B7C</string>
				<string>D5C629871C3A89A8007F7B7C</string>
				<string>975FB0FD1C8BF49400BB62CE</string>
				<string>970190B71C7C721A0016819B</string>
				<string>A24A507C1C69F07F00F9D8C2</string>
				<string>A24A50711C68C0DC00F9D8C2</string>
			</array>
			<key>isa</key>
			<string>PBXSourcesBuildPhase</string>
			<key>runOnlyForDeploymentPostprocessing</key>
			<string>0</string>
		</dict>
		<key>D5B2E89B1C3A780C00C0327D</key>
		<dict>
			<key>buildActionMask</key>
			<string>2147483647</string>
			<key>files</key>
			<array>
				<string>3ADB21E47D9F3BB2812DF648</string>
			</array>
			<key>isa</key>
			<string>PBXFrameworksBuildPhase</string>
			<key>runOnlyForDeploymentPostprocessing</key>
			<string>0</string>
		</dict>
		<key>D5B2E89C1C3A780C00C0327D</key>
		<dict>
			<key>buildActionMask</key>
			<string>2147483647</string>
			<key>files</key>
			<array/>
			<key>isa</key>
			<string>PBXHeadersBuildPhase</string>
			<key>runOnlyForDeploymentPostprocessing</key>
			<string>0</string>
		</dict>
		<key>D5B2E89D1C3A780C00C0327D</key>
		<dict>
			<key>buildActionMask</key>
			<string>2147483647</string>
			<key>files</key>
			<array/>
			<key>isa</key>
			<string>PBXResourcesBuildPhase</string>
			<key>runOnlyForDeploymentPostprocessing</key>
			<string>0</string>
		</dict>
		<key>D5B2E89E1C3A780C00C0327D</key>
		<dict>
			<key>buildConfigurationList</key>
			<string>D5B2E8B31C3A780C00C0327D</string>
			<key>buildPhases</key>
			<array>
				<string>904AF02807D095741437465D</string>
				<string>D5B2E89A1C3A780C00C0327D</string>
				<string>D5B2E89B1C3A780C00C0327D</string>
				<string>D5B2E89C1C3A780C00C0327D</string>
				<string>D5B2E89D1C3A780C00C0327D</string>
				<string>9701909A1C7C27940016819B</string>
				<string>912C78312E54A7995A40CD27</string>
			</array>
			<key>buildRules</key>
			<array/>
			<key>dependencies</key>
			<array/>
			<key>isa</key>
			<string>PBXNativeTarget</string>
			<key>name</key>
			<string>SHSwiftKit-iOS</string>
			<key>productName</key>
			<string>SHSwiftKit</string>
			<key>productReference</key>
			<string>D5B2E89F1C3A780C00C0327D</string>
			<key>productType</key>
			<string>com.apple.product-type.framework</string>
		</dict>
		<key>D5B2E89F1C3A780C00C0327D</key>
		<dict>
			<key>explicitFileType</key>
			<string>wrapper.framework</string>
			<key>includeInIndex</key>
			<string>0</string>
			<key>isa</key>
			<string>PBXFileReference</string>
			<key>path</key>
			<string>SHSwiftKit.framework</string>
			<key>sourceTree</key>
			<string>BUILT_PRODUCTS_DIR</string>
		</dict>
		<key>D5B2E8A01C3A780C00C0327D</key>
		<dict>
			<key>children</key>
			<array>
				<string>D5B2E89F1C3A780C00C0327D</string>
				<string>D5B2E8A91C3A780C00C0327D</string>
				<string>D5C629401C3A7FAA007F7B7C</string>
				<string>D5C629491C3A7FAA007F7B7C</string>
			</array>
			<key>isa</key>
			<string>PBXGroup</string>
			<key>name</key>
			<string>Products</string>
			<key>sourceTree</key>
			<string>&lt;group&gt;</string>
		</dict>
		<key>D5B2E8A51C3A780C00C0327D</key>
		<dict>
			<key>buildActionMask</key>
			<string>2147483647</string>
			<key>files</key>
			<array>
				<string>D5C6299E1C3A8C75007F7B7C</string>
				<string>D5C6299D1C3A8C6B007F7B7C</string>
			</array>
			<key>isa</key>
			<string>PBXSourcesBuildPhase</string>
			<key>runOnlyForDeploymentPostprocessing</key>
			<string>0</string>
		</dict>
		<key>D5B2E8A61C3A780C00C0327D</key>
		<dict>
			<key>buildActionMask</key>
			<string>2147483647</string>
			<key>files</key>
			<array>
				<string>D5C629771C3A878E007F7B7C</string>
				<string>D5C629781C3A878E007F7B7C</string>
				<string>D5B2E8AA1C3A780C00C0327D</string>
			</array>
			<key>isa</key>
			<string>PBXFrameworksBuildPhase</string>
			<key>runOnlyForDeploymentPostprocessing</key>
			<string>0</string>
		</dict>
		<key>D5B2E8A71C3A780C00C0327D</key>
		<dict>
			<key>buildActionMask</key>
			<string>2147483647</string>
			<key>files</key>
			<array/>
			<key>isa</key>
			<string>PBXResourcesBuildPhase</string>
			<key>runOnlyForDeploymentPostprocessing</key>
			<string>0</string>
		</dict>
		<key>D5B2E8A81C3A780C00C0327D</key>
		<dict>
			<key>buildConfigurationList</key>
			<string>D5B2E8B61C3A780C00C0327D</string>
			<key>buildPhases</key>
			<array>
				<string>D5B2E8A51C3A780C00C0327D</string>
				<string>D5B2E8A61C3A780C00C0327D</string>
				<string>D5B2E8A71C3A780C00C0327D</string>
				<string>D5C629731C3A86E3007F7B7C</string>
			</array>
			<key>buildRules</key>
			<array/>
			<key>dependencies</key>
			<array>
				<string>D5B2E8AC1C3A780C00C0327D</string>
			</array>
			<key>isa</key>
			<string>PBXNativeTarget</string>
			<key>name</key>
			<string>SHSwiftKit-iOS-Tests</string>
			<key>productName</key>
			<string>SHSwiftKitTests</string>
			<key>productReference</key>
			<string>D5B2E8A91C3A780C00C0327D</string>
			<key>productType</key>
			<string>com.apple.product-type.bundle.unit-test</string>
		</dict>
		<key>D5B2E8A91C3A780C00C0327D</key>
		<dict>
			<key>explicitFileType</key>
			<string>wrapper.cfbundle</string>
			<key>includeInIndex</key>
			<string>0</string>
			<key>isa</key>
			<string>PBXFileReference</string>
			<key>path</key>
			<string>SHSwiftKit-iOS-Tests.xctest</string>
			<key>sourceTree</key>
			<string>BUILT_PRODUCTS_DIR</string>
		</dict>
		<key>D5B2E8AA1C3A780C00C0327D</key>
		<dict>
			<key>fileRef</key>
			<string>D5B2E89F1C3A780C00C0327D</string>
			<key>isa</key>
			<string>PBXBuildFile</string>
		</dict>
		<key>D5B2E8AB1C3A780C00C0327D</key>
		<dict>
			<key>containerPortal</key>
			<string>D5B2E8961C3A780C00C0327D</string>
			<key>isa</key>
			<string>PBXContainerItemProxy</string>
			<key>proxyType</key>
			<string>1</string>
			<key>remoteGlobalIDString</key>
			<string>D5B2E89E1C3A780C00C0327D</string>
			<key>remoteInfo</key>
			<string>SHSwiftKit</string>
		</dict>
		<key>D5B2E8AC1C3A780C00C0327D</key>
		<dict>
			<key>isa</key>
			<string>PBXTargetDependency</string>
			<key>target</key>
			<string>D5B2E89E1C3A780C00C0327D</string>
			<key>targetProxy</key>
			<string>D5B2E8AB1C3A780C00C0327D</string>
		</dict>
		<key>D5B2E8B11C3A780C00C0327D</key>
		<dict>
			<key>buildSettings</key>
			<dict>
				<key>ALWAYS_SEARCH_USER_PATHS</key>
				<string>NO</string>
				<key>CLANG_CXX_LANGUAGE_STANDARD</key>
				<string>gnu++0x</string>
				<key>CLANG_CXX_LIBRARY</key>
				<string>libc++</string>
				<key>CLANG_ENABLE_MODULES</key>
				<string>YES</string>
				<key>CLANG_ENABLE_OBJC_ARC</key>
				<string>YES</string>
				<key>CLANG_WARN_BOOL_CONVERSION</key>
				<string>YES</string>
				<key>CLANG_WARN_CONSTANT_CONVERSION</key>
				<string>YES</string>
				<key>CLANG_WARN_DIRECT_OBJC_ISA_USAGE</key>
				<string>YES_ERROR</string>
				<key>CLANG_WARN_EMPTY_BODY</key>
				<string>YES</string>
				<key>CLANG_WARN_ENUM_CONVERSION</key>
				<string>YES</string>
				<key>CLANG_WARN_INT_CONVERSION</key>
				<string>YES</string>
				<key>CLANG_WARN_OBJC_ROOT_CLASS</key>
				<string>YES_ERROR</string>
				<key>CLANG_WARN_UNREACHABLE_CODE</key>
				<string>YES</string>
				<key>CLANG_WARN__DUPLICATE_METHOD_MATCH</key>
				<string>YES</string>
				<key>CODE_SIGN_IDENTITY[sdk=iphoneos*]</key>
				<string>iPhone Developer</string>
				<key>COPY_PHASE_STRIP</key>
				<string>NO</string>
				<key>CURRENT_PROJECT_VERSION</key>
				<string>1</string>
				<key>DEBUG_INFORMATION_FORMAT</key>
				<string>dwarf</string>
				<key>ENABLE_STRICT_OBJC_MSGSEND</key>
				<string>YES</string>
				<key>ENABLE_TESTABILITY</key>
				<string>YES</string>
				<key>GCC_C_LANGUAGE_STANDARD</key>
				<string>gnu99</string>
				<key>GCC_DYNAMIC_NO_PIC</key>
				<string>NO</string>
				<key>GCC_NO_COMMON_BLOCKS</key>
				<string>YES</string>
				<key>GCC_OPTIMIZATION_LEVEL</key>
				<string>0</string>
				<key>GCC_PREPROCESSOR_DEFINITIONS</key>
				<array>
					<string>DEBUG=1</string>
					<string>$(inherited)</string>
				</array>
				<key>GCC_WARN_64_TO_32_BIT_CONVERSION</key>
				<string>YES</string>
				<key>GCC_WARN_ABOUT_RETURN_TYPE</key>
				<string>YES_ERROR</string>
				<key>GCC_WARN_UNDECLARED_SELECTOR</key>
				<string>YES</string>
				<key>GCC_WARN_UNINITIALIZED_AUTOS</key>
				<string>YES_AGGRESSIVE</string>
				<key>GCC_WARN_UNUSED_FUNCTION</key>
				<string>YES</string>
				<key>GCC_WARN_UNUSED_VARIABLE</key>
				<string>YES</string>
				<key>IPHONEOS_DEPLOYMENT_TARGET</key>
				<string>8.0</string>
				<key>MACOSX_DEPLOYMENT_TARGET</key>
				<string>10.10</string>
				<key>MTL_ENABLE_DEBUG_INFO</key>
				<string>YES</string>
				<key>ONLY_ACTIVE_ARCH</key>
				<string>YES</string>
				<key>SDKROOT</key>
				<string>iphoneos</string>
				<key>SWIFT_OPTIMIZATION_LEVEL</key>
				<string>-Onone</string>
				<key>TARGETED_DEVICE_FAMILY</key>
				<string>1,2</string>
				<key>VERSIONING_SYSTEM</key>
				<string>apple-generic</string>
				<key>VERSION_INFO_PREFIX</key>
				<string></string>
			</dict>
			<key>isa</key>
			<string>XCBuildConfiguration</string>
			<key>name</key>
			<string>Debug</string>
		</dict>
		<key>D5B2E8B21C3A780C00C0327D</key>
		<dict>
			<key>buildSettings</key>
			<dict>
				<key>ALWAYS_SEARCH_USER_PATHS</key>
				<string>NO</string>
				<key>CLANG_CXX_LANGUAGE_STANDARD</key>
				<string>gnu++0x</string>
				<key>CLANG_CXX_LIBRARY</key>
				<string>libc++</string>
				<key>CLANG_ENABLE_MODULES</key>
				<string>YES</string>
				<key>CLANG_ENABLE_OBJC_ARC</key>
				<string>YES</string>
				<key>CLANG_WARN_BOOL_CONVERSION</key>
				<string>YES</string>
				<key>CLANG_WARN_CONSTANT_CONVERSION</key>
				<string>YES</string>
				<key>CLANG_WARN_DIRECT_OBJC_ISA_USAGE</key>
				<string>YES_ERROR</string>
				<key>CLANG_WARN_EMPTY_BODY</key>
				<string>YES</string>
				<key>CLANG_WARN_ENUM_CONVERSION</key>
				<string>YES</string>
				<key>CLANG_WARN_INT_CONVERSION</key>
				<string>YES</string>
				<key>CLANG_WARN_OBJC_ROOT_CLASS</key>
				<string>YES_ERROR</string>
				<key>CLANG_WARN_UNREACHABLE_CODE</key>
				<string>YES</string>
				<key>CLANG_WARN__DUPLICATE_METHOD_MATCH</key>
				<string>YES</string>
				<key>CODE_SIGN_IDENTITY[sdk=iphoneos*]</key>
				<string>iPhone Developer</string>
				<key>COPY_PHASE_STRIP</key>
				<string>NO</string>
				<key>CURRENT_PROJECT_VERSION</key>
				<string>1</string>
				<key>DEBUG_INFORMATION_FORMAT</key>
				<string>dwarf-with-dsym</string>
				<key>ENABLE_NS_ASSERTIONS</key>
				<string>NO</string>
				<key>ENABLE_STRICT_OBJC_MSGSEND</key>
				<string>YES</string>
				<key>GCC_C_LANGUAGE_STANDARD</key>
				<string>gnu99</string>
				<key>GCC_NO_COMMON_BLOCKS</key>
				<string>YES</string>
				<key>GCC_WARN_64_TO_32_BIT_CONVERSION</key>
				<string>YES</string>
				<key>GCC_WARN_ABOUT_RETURN_TYPE</key>
				<string>YES_ERROR</string>
				<key>GCC_WARN_UNDECLARED_SELECTOR</key>
				<string>YES</string>
				<key>GCC_WARN_UNINITIALIZED_AUTOS</key>
				<string>YES_AGGRESSIVE</string>
				<key>GCC_WARN_UNUSED_FUNCTION</key>
				<string>YES</string>
				<key>GCC_WARN_UNUSED_VARIABLE</key>
				<string>YES</string>
				<key>IPHONEOS_DEPLOYMENT_TARGET</key>
				<string>8.0</string>
				<key>MACOSX_DEPLOYMENT_TARGET</key>
				<string>10.10</string>
				<key>MTL_ENABLE_DEBUG_INFO</key>
				<string>NO</string>
				<key>SDKROOT</key>
				<string>iphoneos</string>
				<key>TARGETED_DEVICE_FAMILY</key>
				<string>1,2</string>
				<key>VALIDATE_PRODUCT</key>
				<string>YES</string>
				<key>VERSIONING_SYSTEM</key>
				<string>apple-generic</string>
				<key>VERSION_INFO_PREFIX</key>
				<string></string>
			</dict>
			<key>isa</key>
			<string>XCBuildConfiguration</string>
			<key>name</key>
			<string>Release</string>
		</dict>
		<key>D5B2E8B31C3A780C00C0327D</key>
		<dict>
			<key>buildConfigurations</key>
			<array>
				<string>D5B2E8B41C3A780C00C0327D</string>
				<string>D5B2E8B51C3A780C00C0327D</string>
			</array>
			<key>defaultConfigurationIsVisible</key>
			<string>0</string>
			<key>defaultConfigurationName</key>
			<string>Release</string>
			<key>isa</key>
			<string>XCConfigurationList</string>
		</dict>
		<key>D5B2E8B41C3A780C00C0327D</key>
		<dict>
			<key>baseConfigurationReference</key>
			<string>11A55BBD2073ABC28B0AB20A</string>
			<key>buildSettings</key>
			<dict>
				<key>CLANG_ENABLE_MODULES</key>
				<string>YES</string>
				<key>DEFINES_MODULE</key>
				<string>YES</string>
				<key>DYLIB_COMPATIBILITY_VERSION</key>
				<string>1</string>
				<key>DYLIB_CURRENT_VERSION</key>
				<string>1</string>
				<key>DYLIB_INSTALL_NAME_BASE</key>
				<string>@rpath</string>
				<key>INFOPLIST_FILE</key>
				<string>$(SRCROOT)/SHSwiftKit/Info-iOS.plist</string>
				<key>INSTALL_PATH</key>
				<string>$(LOCAL_LIBRARY_DIR)/Frameworks</string>
				<key>IPHONEOS_DEPLOYMENT_TARGET</key>
				<string>8.0</string>
				<key>LD_RUNPATH_SEARCH_PATHS</key>
				<string>$(inherited) @executable_path/Frameworks @loader_path/Frameworks</string>
				<key>PRODUCT_BUNDLE_IDENTIFIER</key>
				<string>com.shSwiftKit.SHSwiftKit-iOS</string>
				<key>PRODUCT_NAME</key>
				<string>SHSwiftKit</string>
				<key>SKIP_INSTALL</key>
				<string>YES</string>
				<key>SWIFT_OPTIMIZATION_LEVEL</key>
				<string>-Onone</string>
			</dict>
			<key>isa</key>
			<string>XCBuildConfiguration</string>
			<key>name</key>
			<string>Debug</string>
		</dict>
		<key>D5B2E8B51C3A780C00C0327D</key>
		<dict>
			<key>baseConfigurationReference</key>
			<string>C21B7FE4DD362D55EC34BDDD</string>
			<key>buildSettings</key>
			<dict>
				<key>CLANG_ENABLE_MODULES</key>
				<string>YES</string>
				<key>DEFINES_MODULE</key>
				<string>YES</string>
				<key>DYLIB_COMPATIBILITY_VERSION</key>
				<string>1</string>
				<key>DYLIB_CURRENT_VERSION</key>
				<string>1</string>
				<key>DYLIB_INSTALL_NAME_BASE</key>
				<string>@rpath</string>
				<key>INFOPLIST_FILE</key>
				<string>$(SRCROOT)/SHSwiftKit/Info-iOS.plist</string>
				<key>INSTALL_PATH</key>
				<string>$(LOCAL_LIBRARY_DIR)/Frameworks</string>
				<key>IPHONEOS_DEPLOYMENT_TARGET</key>
				<string>8.0</string>
				<key>LD_RUNPATH_SEARCH_PATHS</key>
				<string>$(inherited) @executable_path/Frameworks @loader_path/Frameworks</string>
				<key>PRODUCT_BUNDLE_IDENTIFIER</key>
				<string>com.shSwiftKit.SHSwiftKit-iOS</string>
				<key>PRODUCT_NAME</key>
				<string>SHSwiftKit</string>
				<key>SKIP_INSTALL</key>
				<string>YES</string>
				<key>SWIFT_OPTIMIZATION_LEVEL</key>
				<string>-Owholemodule</string>
			</dict>
			<key>isa</key>
			<string>XCBuildConfiguration</string>
			<key>name</key>
			<string>Release</string>
		</dict>
		<key>D5B2E8B61C3A780C00C0327D</key>
		<dict>
			<key>buildConfigurations</key>
			<array>
				<string>D5B2E8B71C3A780C00C0327D</string>
				<string>D5B2E8B81C3A780C00C0327D</string>
			</array>
			<key>defaultConfigurationIsVisible</key>
			<string>0</string>
			<key>defaultConfigurationName</key>
			<string>Release</string>
			<key>isa</key>
			<string>XCConfigurationList</string>
		</dict>
		<key>D5B2E8B71C3A780C00C0327D</key>
		<dict>
			<key>buildSettings</key>
			<dict>
				<key>CLANG_ENABLE_MODULES</key>
				<string>YES</string>
				<key>FRAMEWORK_SEARCH_PATHS</key>
				<array>
					<string>$(inherited)</string>
					<string>$(PROJECT_DIR)/Carthage/Build/iOS</string>
				</array>
				<key>INFOPLIST_FILE</key>
				<string>$(SRCROOT)/SHSwiftKitTests/Info-iOS.plist</string>
				<key>LD_RUNPATH_SEARCH_PATHS</key>
				<string>$(inherited) @executable_path/Frameworks @loader_path/Frameworks</string>
				<key>PRODUCT_BUNDLE_IDENTIFIER</key>
				<string>no.hyper.SHSwiftKitTests</string>
				<key>PRODUCT_NAME</key>
				<string>$(TARGET_NAME)</string>
				<key>SWIFT_OPTIMIZATION_LEVEL</key>
				<string>-Onone</string>
			</dict>
			<key>isa</key>
			<string>XCBuildConfiguration</string>
			<key>name</key>
			<string>Debug</string>
		</dict>
		<key>D5B2E8B81C3A780C00C0327D</key>
		<dict>
			<key>buildSettings</key>
			<dict>
				<key>CLANG_ENABLE_MODULES</key>
				<string>YES</string>
				<key>FRAMEWORK_SEARCH_PATHS</key>
				<array>
					<string>$(inherited)</string>
					<string>$(PROJECT_DIR)/Carthage/Build/iOS</string>
				</array>
				<key>INFOPLIST_FILE</key>
				<string>$(SRCROOT)/SHSwiftKitTests/Info-iOS.plist</string>
				<key>LD_RUNPATH_SEARCH_PATHS</key>
				<string>$(inherited) @executable_path/Frameworks @loader_path/Frameworks</string>
				<key>PRODUCT_BUNDLE_IDENTIFIER</key>
				<string>no.hyper.SHSwiftKitTests</string>
				<key>PRODUCT_NAME</key>
				<string>$(TARGET_NAME)</string>
				<key>SWIFT_OPTIMIZATION_LEVEL</key>
				<string>-Owholemodule</string>
			</dict>
			<key>isa</key>
			<string>XCBuildConfiguration</string>
			<key>name</key>
			<string>Release</string>
		</dict>
		<key>D5C6293B1C3A7FAA007F7B7C</key>
		<dict>
			<key>buildActionMask</key>
			<string>2147483647</string>
			<key>files</key>
			<array>
				<string>D5C629851C3A893F007F7B7C</string>
				<string>D5C629881C3A89A8007F7B7C</string>
			</array>
			<key>isa</key>
			<string>PBXSourcesBuildPhase</string>
			<key>runOnlyForDeploymentPostprocessing</key>
			<string>0</string>
		</dict>
		<key>D5C6293C1C3A7FAA007F7B7C</key>
		<dict>
			<key>buildActionMask</key>
			<string>2147483647</string>
			<key>files</key>
			<array/>
			<key>isa</key>
			<string>PBXFrameworksBuildPhase</string>
			<key>runOnlyForDeploymentPostprocessing</key>
			<string>0</string>
		</dict>
		<key>D5C6293D1C3A7FAA007F7B7C</key>
		<dict>
			<key>buildActionMask</key>
			<string>2147483647</string>
			<key>files</key>
			<array/>
			<key>isa</key>
			<string>PBXHeadersBuildPhase</string>
			<key>runOnlyForDeploymentPostprocessing</key>
			<string>0</string>
		</dict>
		<key>D5C6293E1C3A7FAA007F7B7C</key>
		<dict>
			<key>buildActionMask</key>
			<string>2147483647</string>
			<key>files</key>
			<array/>
			<key>isa</key>
			<string>PBXResourcesBuildPhase</string>
			<key>runOnlyForDeploymentPostprocessing</key>
			<string>0</string>
		</dict>
		<key>D5C6293F1C3A7FAA007F7B7C</key>
		<dict>
			<key>buildConfigurationList</key>
			<string>D5C629511C3A7FAA007F7B7C</string>
			<key>buildPhases</key>
			<array>
				<string>D5C6293B1C3A7FAA007F7B7C</string>
				<string>D5C6293C1C3A7FAA007F7B7C</string>
				<string>D5C6293D1C3A7FAA007F7B7C</string>
				<string>D5C6293E1C3A7FAA007F7B7C</string>
			</array>
			<key>buildRules</key>
			<array/>
			<key>dependencies</key>
			<array/>
			<key>isa</key>
			<string>PBXNativeTarget</string>
			<key>name</key>
			<string>SHSwiftKit-Mac</string>
			<key>productName</key>
			<string>SHSwiftKit-Mac</string>
			<key>productReference</key>
			<string>D5C629401C3A7FAA007F7B7C</string>
			<key>productType</key>
			<string>com.apple.product-type.framework</string>
		</dict>
		<key>D5C629401C3A7FAA007F7B7C</key>
		<dict>
			<key>explicitFileType</key>
			<string>wrapper.framework</string>
			<key>includeInIndex</key>
			<string>0</string>
			<key>isa</key>
			<string>PBXFileReference</string>
			<key>path</key>
			<string>SHSwiftKit.framework</string>
			<key>sourceTree</key>
			<string>BUILT_PRODUCTS_DIR</string>
		</dict>
		<key>D5C629451C3A7FAA007F7B7C</key>
		<dict>
			<key>buildActionMask</key>
			<string>2147483647</string>
			<key>files</key>
			<array>
				<string>D5C6299C1C3A8BDA007F7B7C</string>
				<string>D5C6299B1C3A8BDA007F7B7C</string>
			</array>
			<key>isa</key>
			<string>PBXSourcesBuildPhase</string>
			<key>runOnlyForDeploymentPostprocessing</key>
			<string>0</string>
		</dict>
		<key>D5C629461C3A7FAA007F7B7C</key>
		<dict>
			<key>buildActionMask</key>
			<string>2147483647</string>
			<key>files</key>
			<array>
				<string>D5C6297B1C3A879F007F7B7C</string>
				<string>D5C6297C1C3A879F007F7B7C</string>
				<string>D5C6294A1C3A7FAA007F7B7C</string>
			</array>
			<key>isa</key>
			<string>PBXFrameworksBuildPhase</string>
			<key>runOnlyForDeploymentPostprocessing</key>
			<string>0</string>
		</dict>
		<key>D5C629471C3A7FAA007F7B7C</key>
		<dict>
			<key>buildActionMask</key>
			<string>2147483647</string>
			<key>files</key>
			<array/>
			<key>isa</key>
			<string>PBXResourcesBuildPhase</string>
			<key>runOnlyForDeploymentPostprocessing</key>
			<string>0</string>
		</dict>
		<key>D5C629481C3A7FAA007F7B7C</key>
		<dict>
			<key>buildConfigurationList</key>
			<string>D5C629541C3A7FAA007F7B7C</string>
			<key>buildPhases</key>
			<array>
				<string>D5C629451C3A7FAA007F7B7C</string>
				<string>D5C629461C3A7FAA007F7B7C</string>
				<string>D5C629471C3A7FAA007F7B7C</string>
				<string>D5C629741C3A8717007F7B7C</string>
			</array>
			<key>buildRules</key>
			<array/>
			<key>dependencies</key>
			<array>
				<string>D5C6294C1C3A7FAA007F7B7C</string>
			</array>
			<key>isa</key>
			<string>PBXNativeTarget</string>
			<key>name</key>
			<string>SHSwiftKit-Mac-Tests</string>
			<key>productName</key>
			<string>SHSwiftKit-MacTests</string>
			<key>productReference</key>
			<string>D5C629491C3A7FAA007F7B7C</string>
			<key>productType</key>
			<string>com.apple.product-type.bundle.unit-test</string>
		</dict>
		<key>D5C629491C3A7FAA007F7B7C</key>
		<dict>
			<key>explicitFileType</key>
			<string>wrapper.cfbundle</string>
			<key>includeInIndex</key>
			<string>0</string>
			<key>isa</key>
			<string>PBXFileReference</string>
			<key>path</key>
			<string>SHSwiftKit-Mac-Tests.xctest</string>
			<key>sourceTree</key>
			<string>BUILT_PRODUCTS_DIR</string>
		</dict>
		<key>D5C6294A1C3A7FAA007F7B7C</key>
		<dict>
			<key>fileRef</key>
			<string>D5C629401C3A7FAA007F7B7C</string>
			<key>isa</key>
			<string>PBXBuildFile</string>
		</dict>
		<key>D5C6294B1C3A7FAA007F7B7C</key>
		<dict>
			<key>containerPortal</key>
			<string>D5B2E8961C3A780C00C0327D</string>
			<key>isa</key>
			<string>PBXContainerItemProxy</string>
			<key>proxyType</key>
			<string>1</string>
			<key>remoteGlobalIDString</key>
			<string>D5C6293F1C3A7FAA007F7B7C</string>
			<key>remoteInfo</key>
			<string>SHSwiftKit-Mac</string>
		</dict>
		<key>D5C6294C1C3A7FAA007F7B7C</key>
		<dict>
			<key>isa</key>
			<string>PBXTargetDependency</string>
			<key>target</key>
			<string>D5C6293F1C3A7FAA007F7B7C</string>
			<key>targetProxy</key>
			<string>D5C6294B1C3A7FAA007F7B7C</string>
		</dict>
		<key>D5C629511C3A7FAA007F7B7C</key>
		<dict>
			<key>buildConfigurations</key>
			<array>
				<string>D5C629521C3A7FAA007F7B7C</string>
				<string>D5C629531C3A7FAA007F7B7C</string>
			</array>
			<key>defaultConfigurationIsVisible</key>
			<string>0</string>
			<key>defaultConfigurationName</key>
			<string>Release</string>
			<key>isa</key>
			<string>XCConfigurationList</string>
		</dict>
		<key>D5C629521C3A7FAA007F7B7C</key>
		<dict>
			<key>buildSettings</key>
			<dict>
				<key>CLANG_ENABLE_MODULES</key>
				<string>YES</string>
				<key>CODE_SIGN_IDENTITY</key>
				<string>-</string>
				<key>COMBINE_HIDPI_IMAGES</key>
				<string>YES</string>
				<key>DEFINES_MODULE</key>
				<string>YES</string>
				<key>DYLIB_COMPATIBILITY_VERSION</key>
				<string>1</string>
				<key>DYLIB_CURRENT_VERSION</key>
				<string>1</string>
				<key>DYLIB_INSTALL_NAME_BASE</key>
				<string>@rpath</string>
				<key>FRAMEWORK_VERSION</key>
				<string>A</string>
				<key>INFOPLIST_FILE</key>
				<string>$(SRCROOT)/SHSwiftKit/Info-Mac.plist</string>
				<key>INSTALL_PATH</key>
				<string>$(LOCAL_LIBRARY_DIR)/Frameworks</string>
				<key>LD_RUNPATH_SEARCH_PATHS</key>
				<string>$(inherited) @executable_path/../Frameworks @loader_path/Frameworks</string>
				<key>MACOSX_DEPLOYMENT_TARGET</key>
				<string>10.10</string>
				<key>PRODUCT_BUNDLE_IDENTIFIER</key>
				<string>com.shSwiftKit.SHSwiftKit-Mac</string>
				<key>PRODUCT_NAME</key>
				<string>SHSwiftKit</string>
				<key>SDKROOT</key>
				<string>macosx</string>
				<key>SKIP_INSTALL</key>
				<string>YES</string>
				<key>SWIFT_OPTIMIZATION_LEVEL</key>
				<string>-Onone</string>
			</dict>
			<key>isa</key>
			<string>XCBuildConfiguration</string>
			<key>name</key>
			<string>Debug</string>
		</dict>
		<key>D5C629531C3A7FAA007F7B7C</key>
		<dict>
			<key>buildSettings</key>
			<dict>
				<key>CLANG_ENABLE_MODULES</key>
				<string>YES</string>
				<key>CODE_SIGN_IDENTITY</key>
				<string>-</string>
				<key>COMBINE_HIDPI_IMAGES</key>
				<string>YES</string>
				<key>DEFINES_MODULE</key>
				<string>YES</string>
				<key>DYLIB_COMPATIBILITY_VERSION</key>
				<string>1</string>
				<key>DYLIB_CURRENT_VERSION</key>
				<string>1</string>
				<key>DYLIB_INSTALL_NAME_BASE</key>
				<string>@rpath</string>
				<key>FRAMEWORK_VERSION</key>
				<string>A</string>
				<key>INFOPLIST_FILE</key>
				<string>$(SRCROOT)/SHSwiftKit/Info-Mac.plist</string>
				<key>INSTALL_PATH</key>
				<string>$(LOCAL_LIBRARY_DIR)/Frameworks</string>
				<key>LD_RUNPATH_SEARCH_PATHS</key>
				<string>$(inherited) @executable_path/../Frameworks @loader_path/Frameworks</string>
				<key>MACOSX_DEPLOYMENT_TARGET</key>
				<string>10.10</string>
				<key>PRODUCT_BUNDLE_IDENTIFIER</key>
				<string>com.shSwiftKit.SHSwiftKit-Mac</string>
				<key>PRODUCT_NAME</key>
				<string>SHSwiftKit</string>
				<key>SDKROOT</key>
				<string>macosx</string>
				<key>SKIP_INSTALL</key>
				<string>YES</string>
				<key>SWIFT_OPTIMIZATION_LEVEL</key>
				<string>-Owholemodule</string>
			</dict>
			<key>isa</key>
			<string>XCBuildConfiguration</string>
			<key>name</key>
			<string>Release</string>
		</dict>
		<key>D5C629541C3A7FAA007F7B7C</key>
		<dict>
			<key>buildConfigurations</key>
			<array>
				<string>D5C629551C3A7FAA007F7B7C</string>
				<string>D5C629561C3A7FAA007F7B7C</string>
			</array>
			<key>defaultConfigurationIsVisible</key>
			<string>0</string>
			<key>defaultConfigurationName</key>
			<string>Release</string>
			<key>isa</key>
			<string>XCConfigurationList</string>
		</dict>
		<key>D5C629551C3A7FAA007F7B7C</key>
		<dict>
			<key>buildSettings</key>
			<dict>
				<key>CODE_SIGN_IDENTITY</key>
				<string>-</string>
				<key>COMBINE_HIDPI_IMAGES</key>
				<string>YES</string>
				<key>FRAMEWORK_SEARCH_PATHS</key>
				<array>
					<string>$(inherited)</string>
					<string>$(PROJECT_DIR)/Carthage/Build/Mac</string>
				</array>
				<key>INFOPLIST_FILE</key>
				<string>$(SRCROOT)/SHSwiftKitTests/Info-Mac.plist</string>
				<key>LD_RUNPATH_SEARCH_PATHS</key>
				<string>$(inherited) @executable_path/../Frameworks @loader_path/../Frameworks</string>
				<key>MACOSX_DEPLOYMENT_TARGET</key>
				<string>10.11</string>
				<key>PRODUCT_BUNDLE_IDENTIFIER</key>
				<string>no.hyper.SHSwiftKit-MacTests</string>
				<key>PRODUCT_NAME</key>
				<string>$(TARGET_NAME)</string>
				<key>SDKROOT</key>
				<string>macosx</string>
			</dict>
			<key>isa</key>
			<string>XCBuildConfiguration</string>
			<key>name</key>
			<string>Debug</string>
		</dict>
		<key>D5C629561C3A7FAA007F7B7C</key>
		<dict>
			<key>buildSettings</key>
			<dict>
				<key>CODE_SIGN_IDENTITY</key>
				<string>-</string>
				<key>COMBINE_HIDPI_IMAGES</key>
				<string>YES</string>
				<key>FRAMEWORK_SEARCH_PATHS</key>
				<array>
					<string>$(inherited)</string>
					<string>$(PROJECT_DIR)/Carthage/Build/Mac</string>
				</array>
				<key>INFOPLIST_FILE</key>
				<string>$(SRCROOT)/SHSwiftKitTests/Info-Mac.plist</string>
				<key>LD_RUNPATH_SEARCH_PATHS</key>
				<string>$(inherited) @executable_path/../Frameworks @loader_path/../Frameworks</string>
				<key>MACOSX_DEPLOYMENT_TARGET</key>
				<string>10.11</string>
				<key>PRODUCT_BUNDLE_IDENTIFIER</key>
				<string>no.hyper.SHSwiftKit-MacTests</string>
				<key>PRODUCT_NAME</key>
				<string>$(TARGET_NAME)</string>
				<key>SDKROOT</key>
				<string>macosx</string>
				<key>SWIFT_OPTIMIZATION_LEVEL</key>
				<string>-Owholemodule</string>
			</dict>
			<key>isa</key>
			<string>XCBuildConfiguration</string>
			<key>name</key>
			<string>Release</string>
		</dict>
		<key>D5C6295C1C3A800E007F7B7C</key>
		<dict>
			<key>children</key>
			<array>
				<string>D5C6298C1C3A8BBD007F7B7C</string>
				<string>D5C6298B1C3A8BBD007F7B7C</string>
			</array>
			<key>isa</key>
			<string>PBXGroup</string>
			<key>path</key>
			<string>SHSwiftKit</string>
			<key>sourceTree</key>
			<string>&lt;group&gt;</string>
		</dict>
		<key>D5C629691C3A809D007F7B7C</key>
		<dict>
			<key>children</key>
			<array>
				<string>D5C6296C1C3A809D007F7B7C</string>
				<string>D5C6296E1C3A809D007F7B7C</string>
				<string>D5C6296A1C3A809D007F7B7C</string>
			</array>
			<key>isa</key>
			<string>PBXGroup</string>
			<key>path</key>
			<string>Sources</string>
			<key>sourceTree</key>
			<string>&lt;group&gt;</string>
		</dict>
		<key>D5C6296A1C3A809D007F7B7C</key>
		<dict>
			<key>children</key>
			<array>
				<string>9723A94C1C79FA3E0004F135</string>
				<string>A24A507B1C69F07F00F9D8C2</string>
				<string>A24A50701C68C0DC00F9D8C2</string>
				<string>A213173F1C60A076006A38D0</string>
				<string>D5C629821C3A892A007F7B7C</string>
				<string>970190B61C7C721A0016819B</string>
				<string>975FB0F81C8BF10800BB62CE</string>
				<string>975FB0FA1C8BF22900BB62CE</string>
			</array>
			<key>isa</key>
			<string>PBXGroup</string>
			<key>path</key>
			<string>iOS</string>
			<key>sourceTree</key>
			<string>&lt;group&gt;</string>
		</dict>
		<key>D5C6296C1C3A809D007F7B7C</key>
		<dict>
			<key>children</key>
			<array>
				<string>D5C629841C3A893F007F7B7C</string>
			</array>
			<key>isa</key>
			<string>PBXGroup</string>
			<key>path</key>
			<string>Mac</string>
			<key>sourceTree</key>
			<string>&lt;group&gt;</string>
		</dict>
		<key>D5C6296E1C3A809D007F7B7C</key>
		<dict>
			<key>children</key>
			<array>
				<string>975FB0FC1C8BF49400BB62CE</string>
				<string>A21317421C60A15C006A38D0</string>
				<string>D5C629861C3A89A8007F7B7C</string>
			</array>
			<key>isa</key>
			<string>PBXGroup</string>
			<key>path</key>
			<string>Shared</string>
			<key>sourceTree</key>
			<string>&lt;group&gt;</string>
		</dict>
		<key>D5C629731C3A86E3007F7B7C</key>
		<dict>
			<key>buildActionMask</key>
			<string>2147483647</string>
			<key>files</key>
			<array/>
			<key>inputPaths</key>
			<array>
				<string>$(SRCROOT)/Carthage/Build/iOS/Quick.framework</string>
				<string>$(SRCROOT)/Carthage/Build/iOS/Nimble.framework</string>
			</array>
			<key>isa</key>
			<string>PBXShellScriptBuildPhase</string>
			<key>name</key>
			<string>Copy frameworks with Carthage</string>
			<key>outputPaths</key>
			<array/>
			<key>runOnlyForDeploymentPostprocessing</key>
			<string>0</string>
			<key>shellPath</key>
			<string>/bin/sh</string>
			<key>shellScript</key>
			<string>/usr/local/bin/carthage copy-frameworks</string>
		</dict>
		<key>D5C629741C3A8717007F7B7C</key>
		<dict>
			<key>buildActionMask</key>
			<string>2147483647</string>
			<key>files</key>
			<array/>
			<key>inputPaths</key>
			<array>
				<string>$(SRCROOT)/Carthage/Build/Mac/Quick.framework</string>
				<string>$(SRCROOT)/Carthage/Build/Mac/Nimble.framework</string>
			</array>
			<key>isa</key>
			<string>PBXShellScriptBuildPhase</string>
			<key>name</key>
			<string>Copy frameworks with Carthage</string>
			<key>outputPaths</key>
			<array/>
			<key>runOnlyForDeploymentPostprocessing</key>
			<string>0</string>
			<key>shellPath</key>
			<string>/bin/sh</string>
			<key>shellScript</key>
			<string>/usr/local/bin/carthage copy-frameworks</string>
		</dict>
		<key>D5C629751C3A878E007F7B7C</key>
		<dict>
			<key>isa</key>
			<string>PBXFileReference</string>
			<key>lastKnownFileType</key>
			<string>wrapper.framework</string>
			<key>name</key>
			<string>Quick.framework</string>
			<key>path</key>
			<string>Carthage/Build/iOS/Quick.framework</string>
			<key>sourceTree</key>
			<string>&lt;group&gt;</string>
		</dict>
		<key>D5C629761C3A878E007F7B7C</key>
		<dict>
			<key>isa</key>
			<string>PBXFileReference</string>
			<key>lastKnownFileType</key>
			<string>wrapper.framework</string>
			<key>name</key>
			<string>Nimble.framework</string>
			<key>path</key>
			<string>Carthage/Build/iOS/Nimble.framework</string>
			<key>sourceTree</key>
			<string>&lt;group&gt;</string>
		</dict>
		<key>D5C629771C3A878E007F7B7C</key>
		<dict>
			<key>fileRef</key>
			<string>D5C629751C3A878E007F7B7C</string>
			<key>isa</key>
			<string>PBXBuildFile</string>
		</dict>
		<key>D5C629781C3A878E007F7B7C</key>
		<dict>
			<key>fileRef</key>
			<string>D5C629761C3A878E007F7B7C</string>
			<key>isa</key>
			<string>PBXBuildFile</string>
		</dict>
		<key>D5C629791C3A879F007F7B7C</key>
		<dict>
			<key>isa</key>
			<string>PBXFileReference</string>
			<key>lastKnownFileType</key>
			<string>wrapper.framework</string>
			<key>name</key>
			<string>Quick.framework</string>
			<key>path</key>
			<string>Carthage/Build/Mac/Quick.framework</string>
			<key>sourceTree</key>
			<string>&lt;group&gt;</string>
		</dict>
		<key>D5C6297A1C3A879F007F7B7C</key>
		<dict>
			<key>isa</key>
			<string>PBXFileReference</string>
			<key>lastKnownFileType</key>
			<string>wrapper.framework</string>
			<key>name</key>
			<string>Nimble.framework</string>
			<key>path</key>
			<string>Carthage/Build/Mac/Nimble.framework</string>
			<key>sourceTree</key>
			<string>&lt;group&gt;</string>
		</dict>
		<key>D5C6297B1C3A879F007F7B7C</key>
		<dict>
			<key>fileRef</key>
			<string>D5C629791C3A879F007F7B7C</string>
			<key>isa</key>
			<string>PBXBuildFile</string>
		</dict>
		<key>D5C6297C1C3A879F007F7B7C</key>
		<dict>
			<key>fileRef</key>
			<string>D5C6297A1C3A879F007F7B7C</string>
			<key>isa</key>
			<string>PBXBuildFile</string>
		</dict>
		<key>D5C629821C3A892A007F7B7C</key>
		<dict>
			<key>fileEncoding</key>
			<string>4</string>
			<key>isa</key>
			<string>PBXFileReference</string>
			<key>lastKnownFileType</key>
			<string>sourcecode.swift</string>
			<key>path</key>
			<string>iOS.swift</string>
			<key>sourceTree</key>
			<string>&lt;group&gt;</string>
		</dict>
		<key>D5C629831C3A892A007F7B7C</key>
		<dict>
			<key>fileRef</key>
			<string>D5C629821C3A892A007F7B7C</string>
			<key>isa</key>
			<string>PBXBuildFile</string>
		</dict>
		<key>D5C629841C3A893F007F7B7C</key>
		<dict>
			<key>fileEncoding</key>
			<string>4</string>
			<key>isa</key>
			<string>PBXFileReference</string>
			<key>lastKnownFileType</key>
			<string>sourcecode.swift</string>
			<key>path</key>
			<string>Mac.swift</string>
			<key>sourceTree</key>
			<string>&lt;group&gt;</string>
		</dict>
		<key>D5C629851C3A893F007F7B7C</key>
		<dict>
			<key>fileRef</key>
			<string>D5C629841C3A893F007F7B7C</string>
			<key>isa</key>
			<string>PBXBuildFile</string>
		</dict>
		<key>D5C629861C3A89A8007F7B7C</key>
		<dict>
			<key>fileEncoding</key>
			<string>4</string>
			<key>isa</key>
			<string>PBXFileReference</string>
			<key>lastKnownFileType</key>
			<string>sourcecode.swift</string>
			<key>path</key>
			<string>Shared.swift</string>
			<key>sourceTree</key>
			<string>&lt;group&gt;</string>
		</dict>
		<key>D5C629871C3A89A8007F7B7C</key>
		<dict>
			<key>fileRef</key>
			<string>D5C629861C3A89A8007F7B7C</string>
			<key>isa</key>
			<string>PBXBuildFile</string>
		</dict>
		<key>D5C629881C3A89A8007F7B7C</key>
		<dict>
			<key>fileRef</key>
			<string>D5C629861C3A89A8007F7B7C</string>
			<key>isa</key>
			<string>PBXBuildFile</string>
		</dict>
		<key>D5C6298B1C3A8BBD007F7B7C</key>
		<dict>
			<key>fileEncoding</key>
			<string>4</string>
			<key>isa</key>
			<string>PBXFileReference</string>
			<key>lastKnownFileType</key>
			<string>text.plist.xml</string>
			<key>path</key>
			<string>Info-iOS.plist</string>
			<key>sourceTree</key>
			<string>&lt;group&gt;</string>
		</dict>
		<key>D5C6298C1C3A8BBD007F7B7C</key>
		<dict>
			<key>fileEncoding</key>
			<string>4</string>
			<key>isa</key>
			<string>PBXFileReference</string>
			<key>lastKnownFileType</key>
			<string>text.plist.xml</string>
			<key>path</key>
			<string>Info-Mac.plist</string>
			<key>sourceTree</key>
			<string>&lt;group&gt;</string>
		</dict>
		<key>D5C6298F1C3A8BDA007F7B7C</key>
		<dict>
			<key>children</key>
			<array>
				<string>D5C629941C3A8BDA007F7B7C</string>
				<string>D5C629961C3A8BDA007F7B7C</string>
				<string>D5C629921C3A8BDA007F7B7C</string>
				<string>D5C629911C3A8BDA007F7B7C</string>
				<string>D5C629901C3A8BDA007F7B7C</string>
			</array>
			<key>isa</key>
			<string>PBXGroup</string>
			<key>path</key>
			<string>SHSwiftKitTests</string>
			<key>sourceTree</key>
			<string>&lt;group&gt;</string>
		</dict>
		<key>D5C629901C3A8BDA007F7B7C</key>
		<dict>
			<key>fileEncoding</key>
			<string>4</string>
			<key>isa</key>
			<string>PBXFileReference</string>
			<key>lastKnownFileType</key>
			<string>text.plist.xml</string>
			<key>path</key>
			<string>Info-iOS.plist</string>
			<key>sourceTree</key>
			<string>&lt;group&gt;</string>
		</dict>
		<key>D5C629911C3A8BDA007F7B7C</key>
		<dict>
			<key>fileEncoding</key>
			<string>4</string>
			<key>isa</key>
			<string>PBXFileReference</string>
			<key>lastKnownFileType</key>
			<string>text.plist.xml</string>
			<key>path</key>
			<string>Info-Mac.plist</string>
			<key>sourceTree</key>
			<string>&lt;group&gt;</string>
		</dict>
		<key>D5C629921C3A8BDA007F7B7C</key>
		<dict>
			<key>children</key>
			<array>
				<string>D5C629931C3A8BDA007F7B7C</string>
			</array>
			<key>isa</key>
			<string>PBXGroup</string>
			<key>path</key>
			<string>iOS</string>
			<key>sourceTree</key>
			<string>&lt;group&gt;</string>
		</dict>
		<key>D5C629931C3A8BDA007F7B7C</key>
		<dict>
			<key>fileEncoding</key>
			<string>4</string>
			<key>isa</key>
			<string>PBXFileReference</string>
			<key>lastKnownFileType</key>
			<string>sourcecode.swift</string>
			<key>path</key>
			<string>SHSwiftKitSpec.swift</string>
			<key>sourceTree</key>
			<string>&lt;group&gt;</string>
		</dict>
		<key>D5C629941C3A8BDA007F7B7C</key>
		<dict>
			<key>children</key>
			<array>
				<string>D5C629951C3A8BDA007F7B7C</string>
			</array>
			<key>isa</key>
			<string>PBXGroup</string>
			<key>path</key>
			<string>Mac</string>
			<key>sourceTree</key>
			<string>&lt;group&gt;</string>
		</dict>
		<key>D5C629951C3A8BDA007F7B7C</key>
		<dict>
			<key>fileEncoding</key>
			<string>4</string>
			<key>isa</key>
			<string>PBXFileReference</string>
			<key>lastKnownFileType</key>
			<string>sourcecode.swift</string>
			<key>path</key>
			<string>MacSpec.swift</string>
			<key>sourceTree</key>
			<string>&lt;group&gt;</string>
		</dict>
		<key>D5C629961C3A8BDA007F7B7C</key>
		<dict>
			<key>children</key>
			<array>
				<string>D5C629971C3A8BDA007F7B7C</string>
			</array>
			<key>isa</key>
			<string>PBXGroup</string>
			<key>path</key>
			<string>Shared</string>
			<key>sourceTree</key>
			<string>&lt;group&gt;</string>
		</dict>
		<key>D5C629971C3A8BDA007F7B7C</key>
		<dict>
			<key>fileEncoding</key>
			<string>4</string>
			<key>isa</key>
			<string>PBXFileReference</string>
			<key>lastKnownFileType</key>
			<string>sourcecode.swift</string>
			<key>path</key>
			<string>SharedSpec.swift</string>
			<key>sourceTree</key>
			<string>&lt;group&gt;</string>
		</dict>
		<key>D5C6299B1C3A8BDA007F7B7C</key>
		<dict>
			<key>fileRef</key>
			<string>D5C629951C3A8BDA007F7B7C</string>
			<key>isa</key>
			<string>PBXBuildFile</string>
		</dict>
		<key>D5C6299C1C3A8BDA007F7B7C</key>
		<dict>
			<key>fileRef</key>
			<string>D5C629971C3A8BDA007F7B7C</string>
			<key>isa</key>
			<string>PBXBuildFile</string>
		</dict>
		<key>D5C6299D1C3A8C6B007F7B7C</key>
		<dict>
			<key>fileRef</key>
			<string>D5C629931C3A8BDA007F7B7C</string>
			<key>isa</key>
			<string>PBXBuildFile</string>
		</dict>
		<key>D5C6299E1C3A8C75007F7B7C</key>
		<dict>
			<key>fileRef</key>
			<string>D5C629971C3A8BDA007F7B7C</string>
			<key>isa</key>
			<string>PBXBuildFile</string>
		</dict>
		<key>DD6BF88D2FF90F17239360BE</key>
		<dict>
			<key>includeInIndex</key>
			<string>1</string>
			<key>isa</key>
			<string>PBXFileReference</string>
			<key>lastKnownFileType</key>
			<string>text.xcconfig</string>
			<key>name</key>
			<string>Pods-SHJOSESecurity.release.xcconfig</string>
			<key>path</key>
			<string>Pods/Target Support Files/Pods-SHJOSESecurity/Pods-SHJOSESecurity.release.xcconfig</string>
			<key>sourceTree</key>
			<string>&lt;group&gt;</string>
		</dict>
	</dict>
	<key>rootObject</key>
	<string>D5B2E8961C3A780C00C0327D</string>
</dict>
</plist>
